
Microsoft Visual Studio Solution File, Format Version 12.00
# Visual Studio Version 16
VisualStudioVersion = 16.0.29326.143
MinimumVisualStudioVersion = 10.0.40219.1
Project("{8BC9CEB8-8B4A-11D0-8D11-00A0C91BC942}") = "Zadanie 18", "Zadanie 18\Zadanie 18.vcxproj", "{4BD54624-4410-48A0-AAE5-AAF007B45338}"
EndProject
Global
	GlobalSection(SolutionConfigurationPlatforms) = preSolution
		Debug|x64 = Debug|x64
		Debug|x86 = Debug|x86
		Release|x64 = Release|x64
		Release|x86 = Release|x86
	EndGlobalSection
	GlobalSection(ProjectConfigurationPlatforms) = postSolution
		{4BD54624-4410-48A0-AAE5-AAF007B45338}.Debug|x64.ActiveCfg = Debug|x64
		{4BD54624-4410-48A0-AAE5-AAF007B45338}.Debug|x64.Build.0 = Debug|x64
		{4BD54624-4410-48A0-AAE5-AAF007B45338}.Debug|x86.ActiveCfg = Debug|Win32
		{4BD54624-4410-48A0-AAE5-AAF007B45338}.Debug|x86.Build.0 = Debug|Win32
		{4BD54624-4410-48A0-AAE5-AAF007B45338}.Release|x64.ActiveCfg = Release|x64
		{4BD54624-4410-48A0-AAE5-AAF007B45338}.Release|x64.Build.0 = Release|x64
		{4BD54624-4410-48A0-AAE5-AAF007B45338}.Release|x86.ActiveCfg = Release|Win32
		{4BD54624-4410-48A0-AAE5-AAF007B45338}.Release|x86.Build.0 = Release|Win32
	EndGlobalSection
	GlobalSection(SolutionProperties) = preSolution
		HideSolutionNode = FALSE
	EndGlobalSection
	GlobalSection(ExtensibilityGlobals) = postSolution
		SolutionGuid = {20298F73-534B-4C5E-9558-9A6D934C5DDB}
	EndGlobalSection
EndGlobal
